{
  "name": "curator-ai",
  "lockfileVersion": 3,
  "requires": true,
  "packages": {
    "": {
      "dependencies": {
        "i18next": "^24.0.5",
        "i18next-http-backend": "^3.0.1",
        "react-i18next": "^15.1.3"
      },
      "devDependencies": {
        "@types/i18next": "^13.0.0"
      }
    },
    "node_modules/@babel/runtime": {
      "version": "7.26.0",
      "resolved": "https://registry.npmjs.org/@babel/runtime/-/runtime-7.26.0.tgz",
      "integrity": "sha512-FDSOghenHTiToteC/QRlv2q3DhPZ/oOXTBoirfWNx1Cx3TMVcGWQtMMmQcSvb/JjpNeGzx8Pq/b4fKEJuWm1sw==",
      "dependencies": {
        "regenerator-runtime": "^0.14.0"
      },
      "engines": {
        "node": ">=6.9.0"
      }
    },
    "node_modules/@types/i18next": {
      "version": "13.0.0",
      "resolved": "https://registry.npmjs.org/@types/i18next/-/i18next-13.0.0.tgz",
      "integrity": "sha512-gp/SIShAuf4WOqi8ey0nuI7qfWaVpMNCcs/xLygrh/QTQIXmlDC1E0TtVejweNW+7SGDY7g0lyxyKZIJuCKIJw==",
      "deprecated": "This is a stub types definition. i18next provides its own type definitions, so you do not need this installed.",
      "dev": true,
      "dependencies": {
        "i18next": "*"
      }
    },
    "node_modules/cross-fetch": {
      "version": "4.0.0",
      "resolved": "https://registry.npmjs.org/cross-fetch/-/cross-fetch-4.0.0.tgz",
      "integrity": "sha512-e4a5N8lVvuLgAWgnCrLr2PP0YyDOTHa9H/Rj54dirp61qXnNq46m82bRhNqIA5VccJtWBvPTFRV3TtvHUKPB1g==",
      "dependencies": {
        "node-fetch": "^2.6.12"
      }
    },
    "node_modules/html-parse-stringify": {
      "version": "3.0.1",
      "resolved": "https://registry.npmjs.org/html-parse-stringify/-/html-parse-stringify-3.0.1.tgz",
      "integrity": "sha512-KknJ50kTInJ7qIScF3jeaFRpMpE8/lfiTdzf/twXyPBLAGrLRTmkz3AdTnKeh40X8k9L2fdYwEp/42WGXIRGcg==",
      "dependencies": {
        "void-elements": "3.1.0"
      }
    },
    "node_modules/i18next": {
      "version": "24.0.5",
      "resolved": "https://registry.npmjs.org/i18next/-/i18next-24.0.5.tgz",
      "integrity": "sha512-1jSdEzgFPGLZRsQwydoMFCBBaV+PmrVEO5WhANllZPX4y2JSGTxUjJ+xVklHIsiS95uR8gYc/y0hYZWevucNjg==",
      "funding": [
        {
          "type": "individual",
          "url": "https://locize.com"
        },
        {
          "type": "individual",
          "url": "https://locize.com/i18next.html"
        },
        {
          "type": "individual",
          "url": "https://www.i18next.com/how-to/faq#i18next-is-awesome.-how-can-i-support-the-project"
        }
      ],
      "dependencies": {
        "@babel/runtime": "^7.23.2"
      },
      "peerDependencies": {
        "typescript": "^5"
      },
      "peerDependenciesMeta": {
        "typescript": {
          "optional": true
        }
      }
    },
    "node_modules/i18next-http-backend": {
      "version": "3.0.1",
      "resolved": "https://registry.npmjs.org/i18next-http-backend/-/i18next-http-backend-3.0.1.tgz",
      "integrity": "sha512-XT2lYSkbAtDE55c6m7CtKxxrsfuRQO3rUfHzj8ZyRtY9CkIX3aRGwXGTkUhpGWce+J8n7sfu3J0f2wTzo7Lw0A==",
      "dependencies": {
        "cross-fetch": "4.0.0"
      }
    },
    "node_modules/node-fetch": {
      "version": "2.7.0",
      "resolved": "https://registry.npmjs.org/node-fetch/-/node-fetch-2.7.0.tgz",
      "integrity": "sha512-c4FRfUm/dbcWZ7U+1Wq0AwCyFL+3nt2bEw05wfxSz+DWpWsitgmSgYmy2dQdWyKC1694ELPqMs/YzUSNozLt8A==",
      "dependencies": {
        "whatwg-url": "^5.0.0"
      },
      "engines": {
        "node": "4.x || >=6.0.0"
      },
      "peerDependencies": {
        "encoding": "^0.1.0"
      },
      "peerDependenciesMeta": {
        "encoding": {
          "optional": true
        }
      }
    },
    "node_modules/react": {
      "version": "19.0.0",
      "resolved": "https://registry.npmjs.org/react/-/react-19.0.0.tgz",
      "integrity": "sha512-V8AVnmPIICiWpGfm6GLzCR/W5FXLchHop40W4nXBmdlEceh16rCN8O8LNWm5bh5XUX91fh7KpA+W0TgMKmgTpQ==",
      "peer": true,
      "engines": {
        "node": ">=0.10.0"
      }
    },
    "node_modules/react-i18next": {
      "version": "15.1.3",
      "resolved": "https://registry.npmjs.org/react-i18next/-/react-i18next-15.1.3.tgz",
      "integrity": "sha512-J11oA30FbM3NZegUZjn8ySK903z6PLBz/ZuBYyT1JMR0QPrW6PFXvl1WoUhortdGi9dM0m48/zJQlPskVZXgVw==",
      "dependencies": {
        "@babel/runtime": "^7.25.0",
        "html-parse-stringify": "^3.0.1"
      },
      "peerDependencies": {
        "i18next": ">= 23.2.3",
        "react": ">= 16.8.0"
      },
      "peerDependenciesMeta": {
        "react-dom": {
          "optional": true
        },
        "react-native": {
          "optional": true
        }
      }
    },
    "node_modules/regenerator-runtime": {
      "version": "0.14.1",
      "resolved": "https://registry.npmjs.org/regenerator-runtime/-/regenerator-runtime-0.14.1.tgz",
      "integrity": "sha512-dYnhHh0nJoMfnkZs6GmmhFknAGRrLznOu5nc9ML+EJxGvrx6H7teuevqVqCuPcPK//3eDrrjQhehXVx9cnkGdw=="
    },
    "node_modules/tr46": {
      "version": "0.0.3",
      "resolved": "https://registry.npmjs.org/tr46/-/tr46-0.0.3.tgz",
      "integrity": "sha512-N3WMsuqV66lT30CrXNbEjx4GEwlow3v6rr4mCcv6prnfwhS01rkgyFdjPNBYd9br7LpXV1+Emh01fHnq2Gdgrw=="
    },
    "node_modules/void-elements": {
      "version": "3.1.0",
      "resolved": "https://registry.npmjs.org/void-elements/-/void-elements-3.1.0.tgz",
      "integrity": "sha512-Dhxzh5HZuiHQhbvTW9AMetFfBHDMYpo23Uo9btPXgdYP+3T5S+p+jgNy7spra+veYhBP2dCSgxR/i2Y02h5/6w==",
      "engines": {
        "node": ">=0.10.0"
      }
    },
    "node_modules/webidl-conversions": {
      "version": "3.0.1",
      "resolved": "https://registry.npmjs.org/webidl-conversions/-/webidl-conversions-3.0.1.tgz",
      "integrity": "sha512-2JAn3z8AR6rjK8Sm8orRC0h/bcl/DqL7tRPdGZ4I1CjdF+EaMLmYxBHyXuKL849eucPFhvBoxMsflfOb8kxaeQ=="
    },
    "node_modules/whatwg-url": {
      "version": "5.0.0",
      "resolved": "https://registry.npmjs.org/whatwg-url/-/whatwg-url-5.0.0.tgz",
      "integrity": "sha512-saE57nupxk6v3HY35+jzBwYa0rKSy0XR8JSxZPwgLr7ys0IBzhGviA1/TUGJLmSVqs8pb9AnvICXEuOHLprYTw==",
      "dependencies": {
        "tr46": "~0.0.3",
        "webidl-conversions": "^3.0.0"
      }
    }
  }
}
